
Microsoft Visual Studio Solution File, Format Version 12.00
# Visual Studio Version 17
VisualStudioVersion = 17.14.36301.6
MinimumVisualStudioVersion = 10.0.40219.1
Project("{FAE04EC0-301F-11D3-BF4B-00C04F79EFBC}") = "ProgramowanieObiektoweL1", "ProgramowanieObiektoweL1\ProgramowanieObiektoweL1.csproj", "{C99A8498-3A47-4AF6-9E74-77176D00CC75}"
EndProject
Project("{FAE04EC0-301F-11D3-BF4B-00C04F79EFBC}") = "Lab1", "Lab1\Lab1.csproj", "{D6BEE4FC-B282-47DC-80B3-E72B924A8B85}"
EndProject
Project("{FAE04EC0-301F-11D3-BF4B-00C04F79EFBC}") = "Lab2", "Lab2\Lab2.csproj", "{083F8057-9210-4DD0-B153-415118AE5558}"
EndProject
Project("{FAE04EC0-301F-11D3-BF4B-00C04F79EFBC}") = "Lab5", "Lab5\Lab5.csproj", "{6013D9DE-3C5E-4E2F-85EB-F370F4511F63}"
EndProject
Project("{FAE04EC0-301F-11D3-BF4B-00C04F79EFBC}") = "Lab4", "Lab4\Lab4.csproj", "{AB3DAD40-6BD3-4C12-999F-7099BE17486F}"
EndProject
Global
	GlobalSection(SolutionConfigurationPlatforms) = preSolution
		Debug|Any CPU = Debug|Any CPU
		Release|Any CPU = Release|Any CPU
	EndGlobalSection
	GlobalSection(ProjectConfigurationPlatforms) = postSolution
		{C99A8498-3A47-4AF6-9E74-77176D00CC75}.Debug|Any CPU.ActiveCfg = Debug|Any CPU
		{C99A8498-3A47-4AF6-9E74-77176D00CC75}.Debug|Any CPU.Build.0 = Debug|Any CPU
		{C99A8498-3A47-4AF6-9E74-77176D00CC75}.Release|Any CPU.ActiveCfg = Release|Any CPU
		{C99A8498-3A47-4AF6-9E74-77176D00CC75}.Release|Any CPU.Build.0 = Release|Any CPU
		{D6BEE4FC-B282-47DC-80B3-E72B924A8B85}.Debug|Any CPU.ActiveCfg = Debug|Any CPU
		{D6BEE4FC-B282-47DC-80B3-E72B924A8B85}.Debug|Any CPU.Build.0 = Debug|Any CPU
		{D6BEE4FC-B282-47DC-80B3-E72B924A8B85}.Release|Any CPU.ActiveCfg = Release|Any CPU
		{D6BEE4FC-B282-47DC-80B3-E72B924A8B85}.Release|Any CPU.Build.0 = Release|Any CPU
		{083F8057-9210-4DD0-B153-415118AE5558}.Debug|Any CPU.ActiveCfg = Debug|Any CPU
		{083F8057-9210-4DD0-B153-415118AE5558}.Debug|Any CPU.Build.0 = Debug|Any CPU
		{083F8057-9210-4DD0-B153-415118AE5558}.Release|Any CPU.ActiveCfg = Release|Any CPU
		{083F8057-9210-4DD0-B153-415118AE5558}.Release|Any CPU.Build.0 = Release|Any CPU
		{6013D9DE-3C5E-4E2F-85EB-F370F4511F63}.Debug|Any CPU.ActiveCfg = Debug|Any CPU
		{6013D9DE-3C5E-4E2F-85EB-F370F4511F63}.Debug|Any CPU.Build.0 = Debug|Any CPU
		{6013D9DE-3C5E-4E2F-85EB-F370F4511F63}.Release|Any CPU.ActiveCfg = Release|Any CPU
		{6013D9DE-3C5E-4E2F-85EB-F370F4511F63}.Release|Any CPU.Build.0 = Release|Any CPU
		{AB3DAD40-6BD3-4C12-999F-7099BE17486F}.Debug|Any CPU.ActiveCfg = Debug|Any CPU
		{AB3DAD40-6BD3-4C12-999F-7099BE17486F}.Debug|Any CPU.Build.0 = Debug|Any CPU
		{AB3DAD40-6BD3-4C12-999F-7099BE17486F}.Release|Any CPU.ActiveCfg = Release|Any CPU
		{AB3DAD40-6BD3-4C12-999F-7099BE17486F}.Release|Any CPU.Build.0 = Release|Any CPU
	EndGlobalSection
	GlobalSection(SolutionProperties) = preSolution
		HideSolutionNode = FALSE
	EndGlobalSection
	GlobalSection(ExtensibilityGlobals) = postSolution
		SolutionGuid = {0EEEBCE8-2E2A-4305-BAA9-7C614BB11827}
	EndGlobalSection
EndGlobal
