
Microsoft Visual Studio Solution File, Format Version 12.00
# Visual Studio Version 17
VisualStudioVersion = 17.14.36301.6 d17.14
MinimumVisualStudioVersion = 10.0.40219.1
Project("{FAE04EC0-301F-11D3-BF4B-00C04F79EFBC}") = "ProgramowanieObiektoweL1", "ProgramowanieObiektoweL1\ProgramowanieObiektoweL1.csproj", "{C99A8498-3A47-4AF6-9E74-77176D00CC75}"
EndProject
Global
	GlobalSection(SolutionConfigurationPlatforms) = preSolution
		Debug|Any CPU = Debug|Any CPU
		Release|Any CPU = Release|Any CPU
	EndGlobalSection
	GlobalSection(ProjectConfigurationPlatforms) = postSolution
		{C99A8498-3A47-4AF6-9E74-77176D00CC75}.Debug|Any CPU.ActiveCfg = Debug|Any CPU
		{C99A8498-3A47-4AF6-9E74-77176D00CC75}.Debug|Any CPU.Build.0 = Debug|Any CPU
		{C99A8498-3A47-4AF6-9E74-77176D00CC75}.Release|Any CPU.ActiveCfg = Release|Any CPU
		{C99A8498-3A47-4AF6-9E74-77176D00CC75}.Release|Any CPU.Build.0 = Release|Any CPU
	EndGlobalSection
	GlobalSection(SolutionProperties) = preSolution
		HideSolutionNode = FALSE
	EndGlobalSection
	GlobalSection(ExtensibilityGlobals) = postSolution
		SolutionGuid = {0EEEBCE8-2E2A-4305-BAA9-7C614BB11827}
	EndGlobalSection
EndGlobal
